// !$*UTF8*$!
{
	archiveVersion = 1;
	classes = {
	};
	objectVersion = 46;
	objects = {

/* Begin PBXBuildFile section */
		EF40DF231F2DADC600A59B5B /* AppDelegate.swift in Sources */ = {isa = PBXBuildFile; fileRef = EF40DF221F2DADC600A59B5B /* AppDelegate.swift */; };
		EF40DF251F2DADC600A59B5B /* ViewController.swift in Sources */ = {isa = PBXBuildFile; fileRef = EF40DF241F2DADC600A59B5B /* ViewController.swift */; };
		EF40DF281F2DADC600A59B5B /* Main.storyboard in Resources */ = {isa = PBXBuildFile; fileRef = EF40DF261F2DADC600A59B5B /* Main.storyboard */; };
		EF40DF2A1F2DADC600A59B5B /* Assets.xcassets in Resources */ = {isa = PBXBuildFile; fileRef = EF40DF291F2DADC600A59B5B /* Assets.xcassets */; };
		EF40DF2D1F2DADC600A59B5B /* LaunchScreen.storyboard in Resources */ = {isa = PBXBuildFile; fileRef = EF40DF2B1F2DADC600A59B5B /* LaunchScreen.storyboard */; };
/* End PBXBuildFile section */

/* Begin PBXFileReference section */
		EF40DF1F1F2DADC600A59B5B /* HellooooWorld.app */ = {isa = PBXFileReference; explicitFileType = wrapper.application; includeInIndex = 0; path = HellooooWorld.app; sourceTree = BUILT_PRODUCTS_DIR; };
		EF40DF221F2DADC600A59B5B /* AppDelegate.swift */ = {isa = PBXFileReference; lastKnownFileType = sourcecode.swift; path = AppDelegate.swift; sourceTree = "<group>"; };
		EF40DF241F2DADC600A59B5B /* ViewController.swift */ = {isa = PBXFileReference; lastKnownFileType = sourcecode.swift; path = ViewController.swift; sourceTree = "<group>"; };
		EF40DF271F2DADC600A59B5B /* Base */ = {isa = PBXFileReference; lastKnownFileType = file.storyboard; name = Base; path = Base.lproj/Main.storyboard; sourceTree = "<group>"; };
		EF40DF291F2DADC600A59B5B /* Assets.xcassets */ = {isa = PBXFileReference; lastKnownFileType = folder.assetcatalog; path = Assets.xcassets; sourceTree = "<group>"; };
		EF40DF2C1F2DADC600A59B5B /* Base */ = {isa = PBXFileReference; lastKnownFileType = file.storyboard; name = Base; path = Base.lproj/LaunchScreen.storyboard; sourceTree = "<group>"; };
		EF40DF2E1F2DADC600A59B5B /* Info.plist */ = {isa = PBXFileReference; lastKnownFileType = text.plist.xml; path = Info.plist; sourceTree = "<group>"; };
/* End PBXFileReference section */

/* Begin PBXFrameworksBuildPhase section */
		EF40DF1C1F2DADC600A59B5B /* Frameworks */ = {
			isa = PBXFrameworksBuildPhase;
			buildActionMask = 2147483647;
			files = (
			);
			runOnlyForDeploymentPostprocessing = 0;
		};
/* End PBXFrameworksBuildPhase section */

/* Begin PBXGroup section */
		EF40DF161F2DADC600A59B5B = {
			isa = PBXGroup;
			children = (
				EF40DF211F2DADC600A59B5B /* HellooooWorld */,
				EF40DF201F2DADC600A59B5B /* Products */,
			);
			sourceTree = "<group>";
		};
		EF40DF201F2DADC600A59B5B /* Products */ = {
			isa = PBXGroup;
			children = (
				EF40DF1F1F2DADC600A59B5B /* HellooooWorld.app */,
			);
			name = Products;
			sourceTree = "<group>";
		};
		EF40DF211F2DADC600A59B5B /* HellooooWorld */ = {
			isa = PBXGroup;
			children = (
				EF40DF221F2DADC600A59B5B /* AppDelegate.swift */,
				EF40DF241F2DADC600A59B5B /* ViewController.swift */,
				EF40DF261F2DADC600A59B5B /* Main.storyboard */,
				EF40DF291F2DADC600A59B5B /* Assets.xcassets */,
				EF40DF2B1F2DADC600A59B5B /* LaunchScreen.storyboard */,
				EF40DF2E1F2DADC600A59B5B /* Info.plist */,
			);
			path = HellooooWorld;
			sourceTree = "<group>";
		};
/* End PBXGroup section */

/* Begin PBXNativeTarget section */
		EF40DF1E1F2DADC600A59B5B /* HellooooWorld */ = {
			isa = PBXNativeTarget;
			buildConfigurationList = EF40DF311F2DADC600A59B5B /* Build configuration list for PBXNativeTarget "HellooooWorld" */;
			buildPhases = (
				EF40DF1B1F2DADC600A59B5B /* Sources */,
				EF40DF1C1F2DADC600A59B5B /* Frameworks */,
				EF40DF1D1F2DADC600A59B5B /* Resources */,
			);
			buildRules = (
			);
			dependencies = (
			);
			name = HellooooWorld;
			productName = HellooooWorld;
			productReference = EF40DF1F1F2DADC600A59B5B /* HellooooWorld.app */;
			productType = "com.apple.product-type.application";
		};
/* End PBXNativeTarget section */

/* Begin PBXProject section */
		EF40DF171F2DADC600A59B5B /* Project object */ = {
			isa = PBXProject;
			attributes = {
				LastSwiftUpdateCheck = 0830;
				LastUpgradeCheck = 0830;
				ORGANIZATIONNAME = "Okan Bagci";
				TargetAttributes = {
					EF40DF1E1F2DADC600A59B5B = {
						CreatedOnToolsVersion = 8.3.3;
						DevelopmentTeam = 45495YLCT9;
						ProvisioningStyle = Automatic;
					};
				};
			};
			buildConfigurationList = EF40DF1A1F2DADC600A59B5B /* Build configuration list for PBXProject "HellooooWorld" */;
			compatibilityVersion = "Xcode 3.2";
			developmentRegion = English;
			hasScannedForEncodings = 0;
			knownRegions = (
				en,
				Base,
			);
			mainGroup = EF40DF161F2DADC600A59B5B;
			productRefGroup = EF40DF201F2DADC600A59B5B /* Products */;
			projectDirPath = "";
			projectRoot = "";
			targets = (
				EF40DF1E1F2DADC600A59B5B /* HellooooWorld */,
			);
		};
/* End PBXProject section */

/* Begin PBXResourcesBuildPhase section */
		EF40DF1D1F2DADC600A59B5B /* Resources */ = {
			isa = PBXResourcesBuildPhase;
			buildActionMask = 2147483647;
			files = (
				EF40DF2D1F2DADC600A59B5B /* LaunchScreen.storyboard in Resources */,
				EF40DF2A1F2DADC600A59B5B /* Assets.xcassets in Resources */,
				EF40DF281F2DADC600A59B5B /* Main.storyboard in Resources */,
			);
			runOnlyForDeploymentPostprocessing = 0;
		};
/* End PBXResourcesBuildPhase section */

/* Begin PBXSourcesBuildPhase section */
		EF40DF1B1F2DADC600A59B5B /* Sources */ = {
			isa = PBXSourcesBuildPhase;
			buildActionMask = 2147483647;
			files = (
				EF40DF251F2DADC600A59B5B /* ViewController.swift in Sources */,
				EF40DF231F2DADC600A59B5B /* AppDelegate.swift in Sources */,
			);
			runOnlyForDeploymentPostprocessing = 0;
		};
/* End PBXSourcesBuildPhase section */

/* Begin PBXVariantGroup section */
		EF40DF261F2DADC600A59B5B /* Main.storyboard */ = {
			isa = PBXVariantGroup;
			children = (
				EF40DF271F2DADC600A59B5B /* Base */,
			);
			name = Main.storyboard;
			sourceTree = "<group>";
		};
		EF40DF2B1F2DADC600A59B5B /* LaunchScreen.storyboard */ = {
			isa = PBXVariantGroup;
			children = (
				EF40DF2C1F2DADC600A59B5B /* Base */,
			);
			name = LaunchScreen.storyboard;
			sourceTree = "<group>";
		};
/* End PBXVariantGroup section */

/* Begin XCBuildConfiguration section */
		EF40DF2F1F2DADC600A59B5B /* Debug */ = {
			isa = XCBuildConfiguration;
			buildSettings = {
				ALWAYS_SEARCH_USER_PATHS = NO;
				CLANG_ANALYZER_NONNULL = YES;
				CLANG_ANALYZER_NUMBER_OBJECT_CONVERSION = YES_AGGRESSIVE;
				CLANG_CXX_LANGUAGE_STANDARD = "gnu++0x";
				CLANG_CXX_LIBRARY = "libc++";
				CLANG_ENABLE_MODULES = YES;
				CLANG_ENABLE_OBJC_ARC = YES;
				CLANG_WARN_BOOL_CONVERSION = YES;
				CLANG_WARN_CONSTANT_CONVERSION = YES;
				CLANG_WARN_DIRECT_OBJC_ISA_USAGE = YES_ERROR;
				CLANG_WARN_DOCUMENTATION_COMMENTS = YES;
				CLANG_WARN_EMPTY_BODY = YES;
				CLANG_WARN_ENUM_CONVERSION = YES;
				CLANG_WARN_INFINITE_RECURSION = YES;
				CLANG_WARN_INT_CONVERSION = YES;
				CLANG_WARN_OBJC_ROOT_CLASS = YES_ERROR;
				CLANG_WARN_SUSPICIOUS_MOVE = YES;
				CLANG_WARN_UNREACHABLE_CODE = YES;
				CLANG_WARN__DUPLICATE_METHOD_MATCH = YES;
				"CODE_SIGN_IDENTITY[sdk=iphoneos*]" = "iPhone Developer";
				COPY_PHASE_STRIP = NO;
				DEBUG_INFORMATION_FORMAT = dwarf;
				ENABLE_STRICT_OBJC_MSGSEND = YES;
				ENABLE_TESTABILITY = YES;
				GCC_C_LANGUAGE_STANDARD = gnu99;
				GCC_DYNAMIC_NO_PIC = NO;
				GCC_NO_COMMON_BLOCKS = YES;
				GCC_OPTIMIZATION_LEVEL = 0;
				GCC_PREPROCESSOR_DEFINITIONS = (
					"DEBUG=1",
					"$(inherited)",
				);
				GCC_WARN_64_TO_32_BIT_CONVERSION = YES;
				GCC_WARN_ABOUT_RETURN_TYPE = YES_ERROR;
				GCC_WARN_UNDECLARED_SELECTOR = YES;
				GCC_WARN_UNINITIALIZED_AUTOS = YES_AGGRESSIVE;
				GCC_WARN_UNUSED_FUNCTION = YES;
				GCC_WARN_UNUSED_VARIABLE = YES;
				IPHONEOS_DEPLOYMENT_TARGET = 10.3;
				MTL_ENABLE_DEBUG_INFO = YES;
				ONLY_ACTIVE_ARCH = YES;
				SDKROOT = iphoneos;
				SWIFT_ACTIVE_COMPILATION_CONDITIONS = DEBUG;
				SWIFT_OPTIMIZATION_LEVEL = "-Onone";
				TARGETED_DEVICE_FAMILY = "1,2";
			};
			name = Debug;
		};
		EF40DF301F2DADC600A59B5B /* Release */ = {
			isa = XCBuildConfiguration;
			buildSettings = {
				ALWAYS_SEARCH_USER_PATHS = NO;
				CLANG_ANALYZER_NONNULL = YES;
				CLANG_ANALYZER_NUMBER_OBJECT_CONVERSION = YES_AGGRESSIVE;
				CLANG_CXX_LANGUAGE_STANDARD = "gnu++0x";
				CLANG_CXX_LIBRARY = "libc++";
				CLANG_ENABLE_MODULES = YES;
				CLANG_ENABLE_OBJC_ARC = YES;
				CLANG_WARN_BOOL_CONVERSION = YES;
				CLANG_WARN_CONSTANT_CONVERSION = YES;
				CLANG_WARN_DIRECT_OBJC_ISA_USAGE = YES_ERROR;
				CLANG_WARN_DOCUMENTATION_COMMENTS = YES;
				CLANG_WARN_EMPTY_BODY = YES;
				CLANG_WARN_ENUM_CONVERSION = YES;
				CLANG_WARN_INFINITE_RECURSION = YES;
				CLANG_WARN_INT_CONVERSION = YES;
				CLANG_WARN_OBJC_ROOT_CLASS = YES_ERROR;
				CLANG_WARN_SUSPICIOUS_MOVE = YES;
				CLANG_WARN_UNREACHABLE_CODE = YES;
				CLANG_WARN__DUPLICATE_METHOD_MATCH = YES;
				"CODE_SIGN_IDENTITY[sdk=iphoneos*]" = "iPhone Developer";
				COPY_PHASE_STRIP = NO;
				DEBUG_INFORMATION_FORMAT = "dwarf-with-dsym";
				ENABLE_NS_ASSERTIONS = NO;
				ENABLE_STRICT_OBJC_MSGSEND = YES;
				GCC_C_LANGUAGE_STANDARD = gnu99;
				GCC_NO_COMMON_BLOCKS = YES;
				GCC_WARN_64_TO_32_BIT_CONVERSION = YES;
				GCC_WARN_ABOUT_RETURN_TYPE = YES_ERROR;
				GCC_WARN_UNDECLARED_SELECTOR = YES;
				GCC_WARN_UNINITIALIZED_AUTOS = YES_AGGRESSIVE;
				GCC_WARN_UNUSED_FUNCTION = YES;
				GCC_WARN_UNUSED_VARIABLE = YES;
				IPHONEOS_DEPLOYMENT_TARGET = 10.3;
				MTL_ENABLE_DEBUG_INFO = NO;
				SDKROOT = iphoneos;
				SWIFT_OPTIMIZATION_LEVEL = "-Owholemodule";
				TARGETED_DEVICE_FAMILY = "1,2";
				VALIDATE_PRODUCT = YES;
			};
			name = Release;
		};
		EF40DF321F2DADC600A59B5B /* Debug */ = {
			isa = XCBuildConfiguration;
			buildSettings = {
				ASSETCATALOG_COMPILER_APPICON_NAME = AppIcon;
				DEVELOPMENT_TEAM = 45495YLCT9;
				INFOPLIST_FILE = HellooooWorld/Info.plist;
				LD_RUNPATH_SEARCH_PATHS = "$(inherited) @executable_path/Frameworks";
				PRODUCT_BUNDLE_IDENTIFIER = com.devslopes.training.HellooooWorld;
				PRODUCT_NAME = "$(TARGET_NAME)";
				SWIFT_VERSION = 3.0;
			};
			name = Debug;
		};
		EF40DF331F2DADC600A59B5B /* Release */ = {
			isa = XCBuildConfiguration;
			buildSettings = {
				ASSETCATALOG_COMPILER_APPICON_NAME = AppIcon;
				DEVELOPMENT_TEAM = 45495YLCT9;
				INFOPLIST_FILE = HellooooWorld/Info.plist;
				LD_RUNPATH_SEARCH_PATHS = "$(inherited) @executable_path/Frameworks";
				PRODUCT_BUNDLE_IDENTIFIER = com.devslopes.training.HellooooWorld;
				PRODUCT_NAME = "$(TARGET_NAME)";
				SWIFT_VERSION = 3.0;
			};
			name = Release;
		};
/* End XCBuildConfiguration section */

/* Begin XCConfigurationList section */
		EF40DF1A1F2DADC600A59B5B /* Build configuration list for PBXProject "HellooooWorld" */ = {
			isa = XCConfigurationList;
			buildConfigurations = (
				EF40DF2F1F2DADC600A59B5B /* Debug */,
				EF40DF301F2DADC600A59B5B /* Release */,
			);
			defaultConfigurationIsVisible = 0;
			defaultConfigurationName = Release;
		};
		EF40DF311F2DADC600A59B5B /* Build configuration list for PBXNativeTarget "HellooooWorld" */ = {
			isa = XCConfigurationList;
			buildConfigurations = (
				EF40DF321F2DADC600A59B5B /* Debug */,
				EF40DF331F2DADC600A59B5B /* Release */,
			);
			defaultConfigurationIsVisible = 0;
		};
/* End XCConfigurationList section */
	};
	rootObject = EF40DF171F2DADC600A59B5B /* Project object */;
}
